
Microsoft Visual Studio Solution File, Format Version 12.00
# Visual Studio Version 17
VisualStudioVersion = 17.8.34511.84
MinimumVisualStudioVersion = 10.0.40219.1
Project("{FAE04EC0-301F-11D3-BF4B-00C04F79EFBC}") = "Books_InfoSystem", "Books_InfoSystem\Books_InfoSystem.csproj", "{7CAABBC4-063C-407D-9E7F-5A4378303B8E}"
EndProject
Global
	GlobalSection(SolutionConfigurationPlatforms) = preSolution
		Debug|Any CPU = Debug|Any CPU
		Release|Any CPU = Release|Any CPU
	EndGlobalSection
	GlobalSection(ProjectConfigurationPlatforms) = postSolution
		{7CAABBC4-063C-407D-9E7F-5A4378303B8E}.Debug|Any CPU.ActiveCfg = Debug|Any CPU
		{7CAABBC4-063C-407D-9E7F-5A4378303B8E}.Debug|Any CPU.Build.0 = Debug|Any CPU
		{7CAABBC4-063C-407D-9E7F-5A4378303B8E}.Release|Any CPU.ActiveCfg = Release|Any CPU
		{7CAABBC4-063C-407D-9E7F-5A4378303B8E}.Release|Any CPU.Build.0 = Release|Any CPU
	EndGlobalSection
	GlobalSection(SolutionProperties) = preSolution
		HideSolutionNode = FALSE
	EndGlobalSection
	GlobalSection(ExtensibilityGlobals) = postSolution
		SolutionGuid = {7EBFBA4F-31C9-4569-A2DD-4AA9E3C1C97E}
	EndGlobalSection
EndGlobal
